{
  "version": 4,
  "terraform_version": "1.5.1",
  "serial": 149,
  "lineage": "ba9c6dc5-b6fa-1616-ede3-b9754f5f4fd9",
  "outputs": {},
  "resources": [
    {
      "module": "module.provision_aks_cluster",
      "mode": "managed",
      "type": "azurerm_container_registry",
      "name": "acr",
      "provider": "provider[\"registry.terraform.io/hashicorp/azurerm\"]",
      "instances": []
    },
    {
      "module": "module.provision_aks_cluster",
      "mode": "managed",
      "type": "azurerm_kubernetes_cluster",
      "name": "aks",
      "provider": "provider[\"registry.terraform.io/hashicorp/azurerm\"]",
      "instances": []
    },
    {
      "module": "module.provision_aks_cluster",
      "mode": "managed",
      "type": "azurerm_role_assignment",
      "name": "role_acrpull",
      "provider": "provider[\"registry.terraform.io/hashicorp/azurerm\"]",
      "instances": []
    },
    {
      "module": "module.provision_aks_cluster",
      "mode": "managed",
      "type": "local_file",
      "name": "kubeconfig",
      "provider": "provider[\"registry.terraform.io/hashicorp/local\"]",
      "instances": []
    },
    {
      "module": "module.provision_aks_cluster",
      "mode": "managed",
      "type": "null_resource",
      "name": "before",
      "provider": "provider[\"registry.terraform.io/hashicorp/null\"]",
      "instances": []
    },
    {
      "module": "module.provision_aks_cluster",
      "mode": "managed",
      "type": "null_resource",
      "name": "delay",
      "provider": "provider[\"registry.terraform.io/hashicorp/null\"]",
      "instances": [
        {
          "schema_version": 0,
          "attributes": {
            "id": "715298577195363777",
            "triggers": {
              "before": "null_resource.before.id"
            }
          },
          "sensitive_attributes": []
        }
      ]
    },
    {
      "module": "module.provision_aks_cluster",
      "mode": "managed",
      "type": "rancher2_cloud_credential",
      "name": "credential_az",
      "provider": "module.provision_aks_cluster.provider[\"registry.terraform.io/rancher/rancher2\"]",
      "instances": [
        {
          "schema_version": 0,
          "attributes": {
            "amazonec2_credential_config": [],
            "annotations": {},
            "azure_credential_config": [
              {
                "client_id": "0b38e389-c3c4-41d9-8b93-f9634eeacf98",
                "client_secret": "5Uv8Q~oEhxDrnQgJSuQVa-3AmxJCZDgMexObKayI",
                "environment": "AzurePublicCloud",
                "subscription_id": "5f40eec9-a9be-4851-90c1-621e6d65df81",
                "tenant_id": ""
              }
            ],
            "description": null,
            "digitalocean_credential_config": [],
            "driver": "azure",
            "google_credential_config": [],
            "harvester_credential_config": [],
            "id": "cattle-global-data:cc-kf5t8",
            "labels": {
              "cattle.io/creator": "norman"
            },
            "linode_credential_config": [],
            "name": "AZ Credentials",
            "openstack_credential_config": [],
            "s3_credential_config": [],
            "timeouts": null,
            "vsphere_credential_config": []
          },
          "sensitive_attributes": [],
          "private": "eyJlMmJmYjczMC1lY2FhLTExZTYtOGY4OC0zNDM2M2JjN2M0YzAiOnsiY3JlYXRlIjo2MDAwMDAwMDAwMDAsImRlbGV0ZSI6NjAwMDAwMDAwMDAwLCJ1cGRhdGUiOjYwMDAwMDAwMDAwMH19"
        }
      ]
    },
    {
      "module": "module.provision_aks_cluster",
      "mode": "managed",
      "type": "rancher2_cluster",
      "name": "cluster_az",
      "provider": "module.provision_aks_cluster.provider[\"registry.terraform.io/rancher/rancher2\"]",
      "instances": []
    },
    {
      "module": "module.provision_eks_cluster",
      "mode": "managed",
      "type": "aws_eks_cluster",
      "name": "eks",
      "provider": "provider[\"registry.terraform.io/hashicorp/aws\"]",
      "instances": [
        {
          "schema_version": 0,
          "attributes": {
            "arn": "arn:aws:eks:us-east-2:810320120389:cluster/yoimp-eks",
            "certificate_authority": [
              {
                "data": "LS0tLS1CRUdJTiBDRVJUSUZJQ0FURS0tLS0tCk1JSUMvakNDQWVhZ0F3SUJBZ0lCQURBTkJna3Foa2lHOXcwQkFRc0ZBREFWTVJNd0VRWURWUVFERXdwcmRXSmwKY201bGRHVnpNQjRYRFRJek1EY3lOREUwTWpZME9Gb1hEVE16TURjeU1URTBNalkwT0Zvd0ZURVRNQkVHQTFVRQpBeE1LYTNWaVpYSnVaWFJsY3pDQ0FTSXdEUVlKS29aSWh2Y05BUUVCQlFBRGdnRVBBRENDQVFvQ2dnRUJBT1NPCmdGZHByeGUyM0xXUk1vK0tFUUgxdmxMclVORXBDM3VDcksrelRjR3ZDd1FrSlgvMUJuMjh0bTNTSzdGMGhRT00KV2RITDV2NU1pMFErR1BVWDIxeFN3MjFUaERIZmFRY1Fyb1ZIcUFDVXNoNjRaTURqMnh1ZU5PTzNOYkJBTEE0bQppV21mQW5PRkREbTNobFJJbmdXdUN4dG5Bd21CWG9EQXN0L0lDTE02SHBrNExmSkNhY1lQNHlRMzRlY3NJZURtCjFrK3VZcDdwMUloU3JVeDRuNGRwUkk0YzZtcFlsTGZwc2FXMDd4c2dpZUMvNkpVTjdPRnZ3QkJ1Zm5PYmFCaUkKbzlsR2VaZm5wck5TMFhaOGNuVllRNmdUQmR0R0FlMFVtMDZ3SU9kTkVzMlBuMFY5MHRDRW51NEtWVExWYUo4MgpaeTlJOUE4MnBoaXEycFFwenVFQ0F3RUFBYU5aTUZjd0RnWURWUjBQQVFIL0JBUURBZ0trTUE4R0ExVWRFd0VCCi93UUZNQU1CQWY4d0hRWURWUjBPQkJZRUZDYTZmSlhzeG9uUzhZd3JNaUxTNUs5RkR2TXFNQlVHQTFVZEVRUU8KTUF5Q0NtdDFZbVZ5Ym1WMFpYTXdEUVlKS29aSWh2Y05BUUVMQlFBRGdnRUJBRThjOEF2b29zZC9jbndMOFVscgo5eDN6L2RvUWlUckYxbTk3emJSRC9xZ1pPVHg4eGpMYjBiTmhiMi9GWlJvNkd6V2h3cjRweURKaTBMb0o3MWY2CjlCZUc3ZnR0QllJSFdSd2RycTJVa09rQzRmNGRBL0loVWc5WGtqalU1WWxyWEdQak1IYWRNMThqMlp5MllHQmoKd3YySVoxY1Z3ZGtGbDI3WkE0aUtyeGdlRnRCMVF1N2kydVRPWWFvVEhaSE5PcmxvUE52UTY1N2N6ZVI4OW5FcgoyY2plNUVobjRrTzJhenhwbVVzNks4d3MxQ2NNWktNdytrMHZ1bUtBdnJFbmhhWEJiWjR0d01HY2JKcWhaa2F0ClhzRlpXbFMyUWQwZ013S21nUzloU0NQOEVxSXFUVmZ3aitxWmg0b3BZc0E1RnN6bFVJei9NM2ZZUzJFdXV5N3oKekk0PQotLS0tLUVORCBDRVJUSUZJQ0FURS0tLS0tCg=="
              }
            ],
            "created_at": "2023-07-24 14:21:30.346 +0000 UTC",
            "enabled_cluster_log_types": null,
            "encryption_config": [],
            "endpoint": "https://2F34923976B0E3DAE43A1F6A98D34148.gr7.us-east-2.eks.amazonaws.com",
            "id": "yoimp-eks",
            "identity": [
              {
                "oidc": [
                  {
                    "issuer": "https://oidc.eks.us-east-2.amazonaws.com/id/2F34923976B0E3DAE43A1F6A98D34148"
                  }
                ]
              }
            ],
            "kubernetes_network_config": [
              {
                "ip_family": "ipv4",
                "service_ipv4_cidr": "10.100.0.0/16"
              }
            ],
            "name": "yoimp-eks",
            "platform_version": "eks.3",
            "role_arn": "arn:aws:iam::810320120389:role/eks-cluster",
            "status": "ACTIVE",
            "tags": null,
            "tags_all": {},
            "timeouts": null,
            "version": "1.27",
            "vpc_config": [
              {
                "cluster_security_group_id": "sg-03daf0632c5bc9420",
                "endpoint_private_access": false,
                "endpoint_public_access": true,
                "public_access_cidrs": [
                  "0.0.0.0/0"
                ],
                "security_group_ids": null,
                "subnet_ids": [
                  "subnet-0141e5523c8ae548f",
                  "subnet-0abf2c33b1b1999dc",
                  "subnet-0c9a18d48bd7c1989",
                  "subnet-0d858aed08d2eb1e5"
                ],
                "vpc_id": "vpc-0967ad3e0f0dbfefc"
              }
            ]
          },
          "sensitive_attributes": [],
          "private": "eyJlMmJmYjczMC1lY2FhLTExZTYtOGY4OC0zNDM2M2JjN2M0YzAiOnsiY3JlYXRlIjoxODAwMDAwMDAwMDAwLCJkZWxldGUiOjkwMDAwMDAwMDAwMCwidXBkYXRlIjozNjAwMDAwMDAwMDAwfX0=",
          "dependencies": [
            "module.provision_eks_cluster.aws_iam_role.eks_cluster",
            "module.provision_eks_cluster.aws_iam_role_policy_attachment.amazon_eks_cluster_policy",
            "module.provision_eks_cluster.aws_subnet.private_1",
            "module.provision_eks_cluster.aws_subnet.private_2",
            "module.provision_eks_cluster.aws_subnet.public_1",
            "module.provision_eks_cluster.aws_subnet.public_2",
            "module.provision_eks_cluster.aws_vpc.main"
          ]
        }
      ]
    },
    {
      "module": "module.provision_eks_cluster",
      "mode": "managed",
      "type": "aws_eks_node_group",
      "name": "nodes_general",
      "provider": "provider[\"registry.terraform.io/hashicorp/aws\"]",
      "instances": [
        {
          "status": "tainted",
          "schema_version": 0,
          "attributes": {
            "ami_type": "AL2_x86_64",
            "arn": null,
            "capacity_type": "ON_DEMAND",
            "cluster_name": "yoimp-eks",
            "disk_size": 20,
            "force_update_version": false,
            "id": "yoimp-eks:nodes-general",
            "instance_types": [
              "t3.small"
            ],
            "labels": {
              "role": "nodes-general"
            },
            "launch_template": [],
            "node_group_name": "nodes-general",
            "node_group_name_prefix": null,
            "node_role_arn": "arn:aws:iam::810320120389:role/eks-node-group-general",
            "release_version": null,
            "remote_access": [],
            "resources": null,
            "scaling_config": [
              {
                "desired_size": 1,
                "max_size": 1,
                "min_size": 1
              }
            ],
            "status": null,
            "subnet_ids": [
              "subnet-0abf2c33b1b1999dc",
              "subnet-0d858aed08d2eb1e5"
            ],
            "tags": null,
            "tags_all": null,
            "taint": [],
            "timeouts": null,
            "update_config": null,
            "version": null
          },
          "sensitive_attributes": [],
          "private": "eyJlMmJmYjczMC1lY2FhLTExZTYtOGY4OC0zNDM2M2JjN2M0YzAiOnsiY3JlYXRlIjozNjAwMDAwMDAwMDAwLCJkZWxldGUiOjM2MDAwMDAwMDAwMDAsInVwZGF0ZSI6MzYwMDAwMDAwMDAwMH19",
          "dependencies": [
            "module.provision_eks_cluster.aws_eks_cluster.eks",
            "module.provision_eks_cluster.aws_iam_role.eks_cluster",
            "module.provision_eks_cluster.aws_iam_role.nodes_general",
            "module.provision_eks_cluster.aws_iam_role_policy_attachment.amazon_ec2_container_registry_read_only",
            "module.provision_eks_cluster.aws_iam_role_policy_attachment.amazon_eks_cluster_policy",
            "module.provision_eks_cluster.aws_iam_role_policy_attachment.amazon_eks_cni_policy_general",
            "module.provision_eks_cluster.aws_iam_role_policy_attachment.amazon_eks_worker_node_policy_general",
            "module.provision_eks_cluster.aws_subnet.private_1",
            "module.provision_eks_cluster.aws_subnet.private_2",
            "module.provision_eks_cluster.aws_subnet.public_1",
            "module.provision_eks_cluster.aws_subnet.public_2",
            "module.provision_eks_cluster.aws_vpc.main"
          ]
        }
      ]
    },
    {
      "module": "module.provision_eks_cluster",
      "mode": "managed",
      "type": "aws_iam_role",
      "name": "eks_cluster",
      "provider": "provider[\"registry.terraform.io/hashicorp/aws\"]",
      "instances": [
        {
          "schema_version": 0,
          "attributes": {
            "arn": "arn:aws:iam::810320120389:role/eks-cluster",
            "assume_role_policy": "{\"Version\":\"2012-10-17\",\"Statement\":[{\"Effect\":\"Allow\",\"Principal\":{\"Service\":\"eks.amazonaws.com\"},\"Action\":\"sts:AssumeRole\"}]}",
            "create_date": "2023-07-24T13:50:49Z",
            "description": "",
            "force_detach_policies": false,
            "id": "eks-cluster",
            "inline_policy": [
              {
                "name": "",
                "policy": ""
              }
            ],
            "managed_policy_arns": [
              "arn:aws:iam::aws:policy/AmazonEKSClusterPolicy"
            ],
            "max_session_duration": 3600,
            "name": "eks-cluster",
            "name_prefix": "",
            "path": "/",
            "permissions_boundary": null,
            "tags": {},
            "tags_all": {},
            "unique_id": "AROA3ZKWXZJCQV26XDB4F"
          },
          "sensitive_attributes": [],
          "private": "bnVsbA=="
        }
      ]
    },
    {
      "module": "module.provision_eks_cluster",
      "mode": "managed",
      "type": "aws_iam_role",
      "name": "nodes_general",
      "provider": "provider[\"registry.terraform.io/hashicorp/aws\"]",
      "instances": [
        {
          "schema_version": 0,
          "attributes": {
            "arn": "arn:aws:iam::810320120389:role/eks-node-group-general",
            "assume_role_policy": "{\"Version\":\"2012-10-17\",\"Statement\":[{\"Effect\":\"Allow\",\"Principal\":{\"Service\":\"ec2.amazonaws.com\"},\"Action\":\"sts:AssumeRole\"}]}",
            "create_date": "2023-07-24T13:50:49Z",
            "description": "",
            "force_detach_policies": false,
            "id": "eks-node-group-general",
            "inline_policy": [
              {
                "name": "",
                "policy": ""
              }
            ],
            "managed_policy_arns": [
              "arn:aws:iam::aws:policy/AmazonEC2ContainerRegistryReadOnly",
              "arn:aws:iam::aws:policy/AmazonEKSWorkerNodePolicy",
              "arn:aws:iam::aws:policy/AmazonEKS_CNI_Policy"
            ],
            "max_session_duration": 3600,
            "name": "eks-node-group-general",
            "name_prefix": "",
            "path": "/",
            "permissions_boundary": null,
            "tags": {},
            "tags_all": {},
            "unique_id": "AROA3ZKWXZJC76EAOMSL2"
          },
          "sensitive_attributes": [],
          "private": "bnVsbA=="
        }
      ]
    },
    {
      "module": "module.provision_eks_cluster",
      "mode": "managed",
      "type": "aws_iam_role_policy_attachment",
      "name": "amazon_ec2_container_registry_read_only",
      "provider": "provider[\"registry.terraform.io/hashicorp/aws\"]",
      "instances": [
        {
          "schema_version": 0,
          "attributes": {
            "id": "eks-node-group-general-20230724135050842200000002",
            "policy_arn": "arn:aws:iam::aws:policy/AmazonEC2ContainerRegistryReadOnly",
            "role": "eks-node-group-general"
          },
          "sensitive_attributes": [],
          "private": "bnVsbA==",
          "dependencies": [
            "module.provision_eks_cluster.aws_iam_role.nodes_general"
          ]
        }
      ]
    },
    {
      "module": "module.provision_eks_cluster",
      "mode": "managed",
      "type": "aws_iam_role_policy_attachment",
      "name": "amazon_eks_cluster_policy",
      "provider": "provider[\"registry.terraform.io/hashicorp/aws\"]",
      "instances": [
        {
          "schema_version": 0,
          "attributes": {
            "id": "eks-cluster-20230724135050952800000004",
            "policy_arn": "arn:aws:iam::aws:policy/AmazonEKSClusterPolicy",
            "role": "eks-cluster"
          },
          "sensitive_attributes": [],
          "private": "bnVsbA==",
          "dependencies": [
            "module.provision_eks_cluster.aws_iam_role.eks_cluster"
          ]
        }
      ]
    },
    {
      "module": "module.provision_eks_cluster",
      "mode": "managed",
      "type": "aws_iam_role_policy_attachment",
      "name": "amazon_eks_cni_policy_general",
      "provider": "provider[\"registry.terraform.io/hashicorp/aws\"]",
      "instances": [
        {
          "schema_version": 0,
          "attributes": {
            "id": "eks-node-group-general-20230724135050840900000001",
            "policy_arn": "arn:aws:iam::aws:policy/AmazonEKS_CNI_Policy",
            "role": "eks-node-group-general"
          },
          "sensitive_attributes": [],
          "private": "bnVsbA==",
          "dependencies": [
            "module.provision_eks_cluster.aws_iam_role.nodes_general"
          ]
        }
      ]
    },
    {
      "module": "module.provision_eks_cluster",
      "mode": "managed",
      "type": "aws_iam_role_policy_attachment",
      "name": "amazon_eks_worker_node_policy_general",
      "provider": "provider[\"registry.terraform.io/hashicorp/aws\"]",
      "instances": [
        {
          "schema_version": 0,
          "attributes": {
            "id": "eks-node-group-general-20230724135050857100000003",
            "policy_arn": "arn:aws:iam::aws:policy/AmazonEKSWorkerNodePolicy",
            "role": "eks-node-group-general"
          },
          "sensitive_attributes": [],
          "private": "bnVsbA==",
          "dependencies": [
            "module.provision_eks_cluster.aws_iam_role.nodes_general"
          ]
        }
      ]
    },
    {
      "module": "module.provision_eks_cluster",
      "mode": "managed",
      "type": "aws_internet_gateway",
      "name": "main",
      "provider": "provider[\"registry.terraform.io/hashicorp/aws\"]",
      "instances": [
        {
          "schema_version": 0,
          "attributes": {
            "arn": "arn:aws:ec2:us-east-2:810320120389:internet-gateway/igw-01246d13c915f549f",
            "id": "igw-01246d13c915f549f",
            "owner_id": "810320120389",
            "tags": {
              "Name": "main"
            },
            "tags_all": {
              "Name": "main"
            },
            "vpc_id": "vpc-0967ad3e0f0dbfefc"
          },
          "sensitive_attributes": [],
          "private": "bnVsbA==",
          "dependencies": [
            "module.provision_eks_cluster.aws_vpc.main"
          ]
        }
      ]
    },
    {
      "module": "module.provision_eks_cluster",
      "mode": "managed",
      "type": "aws_nat_gateway",
      "name": "gw1",
      "provider": "provider[\"registry.terraform.io/hashicorp/aws\"]",
      "instances": []
    },
    {
      "module": "module.provision_eks_cluster",
      "mode": "managed",
      "type": "aws_nat_gateway",
      "name": "gw2",
      "provider": "provider[\"registry.terraform.io/hashicorp/aws\"]",
      "instances": []
    },
    {
      "module": "module.provision_eks_cluster",
      "mode": "managed",
      "type": "aws_route_table",
      "name": "private1",
      "provider": "provider[\"registry.terraform.io/hashicorp/aws\"]",
      "instances": []
    },
    {
      "module": "module.provision_eks_cluster",
      "mode": "managed",
      "type": "aws_route_table",
      "name": "private2",
      "provider": "provider[\"registry.terraform.io/hashicorp/aws\"]",
      "instances": []
    },
    {
      "module": "module.provision_eks_cluster",
      "mode": "managed",
      "type": "aws_route_table",
      "name": "public",
      "provider": "provider[\"registry.terraform.io/hashicorp/aws\"]",
      "instances": [
        {
          "schema_version": 0,
          "attributes": {
            "arn": "arn:aws:ec2:us-east-2:810320120389:route-table/rtb-0a19994d43403c61b",
            "id": "rtb-0a19994d43403c61b",
            "owner_id": "810320120389",
            "propagating_vgws": [],
            "route": [
              {
                "carrier_gateway_id": "",
                "cidr_block": "0.0.0.0/0",
                "destination_prefix_list_id": "",
                "egress_only_gateway_id": "",
                "gateway_id": "igw-01246d13c915f549f",
                "instance_id": "",
                "ipv6_cidr_block": "",
                "local_gateway_id": "",
                "nat_gateway_id": "",
                "network_interface_id": "",
                "transit_gateway_id": "",
                "vpc_endpoint_id": "",
                "vpc_peering_connection_id": ""
              }
            ],
            "tags": {
              "Name": "public"
            },
            "tags_all": {
              "Name": "public"
            },
            "timeouts": null,
            "vpc_id": "vpc-0967ad3e0f0dbfefc"
          },
          "sensitive_attributes": [],
          "private": "eyJlMmJmYjczMC1lY2FhLTExZTYtOGY4OC0zNDM2M2JjN2M0YzAiOnsiY3JlYXRlIjozMDAwMDAwMDAwMDAsImRlbGV0ZSI6MzAwMDAwMDAwMDAwLCJ1cGRhdGUiOjEyMDAwMDAwMDAwMH19",
          "dependencies": [
            "module.provision_eks_cluster.aws_internet_gateway.main",
            "module.provision_eks_cluster.aws_vpc.main"
          ]
        }
      ]
    },
    {
      "module": "module.provision_eks_cluster",
      "mode": "managed",
      "type": "aws_route_table_association",
      "name": "private1",
      "provider": "provider[\"registry.terraform.io/hashicorp/aws\"]",
      "instances": []
    },
    {
      "module": "module.provision_eks_cluster",
      "mode": "managed",
      "type": "aws_route_table_association",
      "name": "private2",
      "provider": "provider[\"registry.terraform.io/hashicorp/aws\"]",
      "instances": []
    },
    {
      "module": "module.provision_eks_cluster",
      "mode": "managed",
      "type": "aws_route_table_association",
      "name": "public1",
      "provider": "provider[\"registry.terraform.io/hashicorp/aws\"]",
      "instances": [
        {
          "schema_version": 0,
          "attributes": {
            "gateway_id": "",
            "id": "rtbassoc-0f26cd36a86b9b96c",
            "route_table_id": "rtb-0a19994d43403c61b",
            "subnet_id": "subnet-0141e5523c8ae548f"
          },
          "sensitive_attributes": [],
          "private": "bnVsbA==",
          "dependencies": [
            "module.provision_eks_cluster.aws_route_table.public",
            "module.provision_eks_cluster.aws_subnet.public_1",
            "module.provision_eks_cluster.aws_vpc.main"
          ]
        }
      ]
    },
    {
      "module": "module.provision_eks_cluster",
      "mode": "managed",
      "type": "aws_route_table_association",
      "name": "public2",
      "provider": "provider[\"registry.terraform.io/hashicorp/aws\"]",
      "instances": [
        {
          "schema_version": 0,
          "attributes": {
            "gateway_id": "",
            "id": "rtbassoc-09e8326a24b183146",
            "route_table_id": "rtb-0a19994d43403c61b",
            "subnet_id": "subnet-0c9a18d48bd7c1989"
          },
          "sensitive_attributes": [],
          "private": "bnVsbA==",
          "dependencies": [
            "module.provision_eks_cluster.aws_route_table.public",
            "module.provision_eks_cluster.aws_subnet.public_2",
            "module.provision_eks_cluster.aws_vpc.main"
          ]
        }
      ]
    },
    {
      "module": "module.provision_eks_cluster",
      "mode": "managed",
      "type": "aws_subnet",
      "name": "private_1",
      "provider": "provider[\"registry.terraform.io/hashicorp/aws\"]",
      "instances": [
        {
          "schema_version": 1,
          "attributes": {
            "arn": "arn:aws:ec2:us-east-2:810320120389:subnet/subnet-0abf2c33b1b1999dc",
            "assign_ipv6_address_on_creation": false,
            "availability_zone": "us-east-2a",
            "availability_zone_id": "use2-az1",
            "cidr_block": "192.168.128.0/18",
            "customer_owned_ipv4_pool": "",
            "enable_dns64": false,
            "enable_resource_name_dns_a_record_on_launch": false,
            "enable_resource_name_dns_aaaa_record_on_launch": false,
            "id": "subnet-0abf2c33b1b1999dc",
            "ipv6_cidr_block": "",
            "ipv6_cidr_block_association_id": "",
            "ipv6_native": false,
            "map_customer_owned_ip_on_launch": false,
            "map_public_ip_on_launch": false,
            "outpost_arn": "",
            "owner_id": "810320120389",
            "private_dns_hostname_type_on_launch": "ip-name",
            "tags": {
              "Name": "private-us-east-2a",
              "kubernetes.io/cluster/eks": "shared",
              "kubernetes.io/role/internal-elb": "1"
            },
            "tags_all": {
              "Name": "private-us-east-2a",
              "kubernetes.io/cluster/eks": "shared",
              "kubernetes.io/role/internal-elb": "1"
            },
            "timeouts": null,
            "vpc_id": "vpc-0967ad3e0f0dbfefc"
          },
          "sensitive_attributes": [],
          "private": "eyJlMmJmYjczMC1lY2FhLTExZTYtOGY4OC0zNDM2M2JjN2M0YzAiOnsiY3JlYXRlIjo2MDAwMDAwMDAwMDAsImRlbGV0ZSI6MTIwMDAwMDAwMDAwMH0sInNjaGVtYV92ZXJzaW9uIjoiMSJ9",
          "dependencies": [
            "module.provision_eks_cluster.aws_vpc.main"
          ]
        }
      ]
    },
    {
      "module": "module.provision_eks_cluster",
      "mode": "managed",
      "type": "aws_subnet",
      "name": "private_2",
      "provider": "provider[\"registry.terraform.io/hashicorp/aws\"]",
      "instances": [
        {
          "schema_version": 1,
          "attributes": {
            "arn": "arn:aws:ec2:us-east-2:810320120389:subnet/subnet-0d858aed08d2eb1e5",
            "assign_ipv6_address_on_creation": false,
            "availability_zone": "us-east-2b",
            "availability_zone_id": "use2-az2",
            "cidr_block": "192.168.192.0/18",
            "customer_owned_ipv4_pool": "",
            "enable_dns64": false,
            "enable_resource_name_dns_a_record_on_launch": false,
            "enable_resource_name_dns_aaaa_record_on_launch": false,
            "id": "subnet-0d858aed08d2eb1e5",
            "ipv6_cidr_block": "",
            "ipv6_cidr_block_association_id": "",
            "ipv6_native": false,
            "map_customer_owned_ip_on_launch": false,
            "map_public_ip_on_launch": false,
            "outpost_arn": "",
            "owner_id": "810320120389",
            "private_dns_hostname_type_on_launch": "ip-name",
            "tags": {
              "Name": "private-us-east-2b",
              "kubernetes.io/cluster/eks": "shared",
              "kubernetes.io/role/internal-elb": "1"
            },
            "tags_all": {
              "Name": "private-us-east-2b",
              "kubernetes.io/cluster/eks": "shared",
              "kubernetes.io/role/internal-elb": "1"
            },
            "timeouts": null,
            "vpc_id": "vpc-0967ad3e0f0dbfefc"
          },
          "sensitive_attributes": [],
          "private": "eyJlMmJmYjczMC1lY2FhLTExZTYtOGY4OC0zNDM2M2JjN2M0YzAiOnsiY3JlYXRlIjo2MDAwMDAwMDAwMDAsImRlbGV0ZSI6MTIwMDAwMDAwMDAwMH0sInNjaGVtYV92ZXJzaW9uIjoiMSJ9",
          "dependencies": [
            "module.provision_eks_cluster.aws_vpc.main"
          ]
        }
      ]
    },
    {
      "module": "module.provision_eks_cluster",
      "mode": "managed",
      "type": "aws_subnet",
      "name": "public_1",
      "provider": "provider[\"registry.terraform.io/hashicorp/aws\"]",
      "instances": [
        {
          "schema_version": 1,
          "attributes": {
            "arn": "arn:aws:ec2:us-east-2:810320120389:subnet/subnet-0141e5523c8ae548f",
            "assign_ipv6_address_on_creation": false,
            "availability_zone": "us-east-2a",
            "availability_zone_id": "use2-az1",
            "cidr_block": "192.168.0.0/18",
            "customer_owned_ipv4_pool": "",
            "enable_dns64": false,
            "enable_resource_name_dns_a_record_on_launch": false,
            "enable_resource_name_dns_aaaa_record_on_launch": false,
            "id": "subnet-0141e5523c8ae548f",
            "ipv6_cidr_block": "",
            "ipv6_cidr_block_association_id": "",
            "ipv6_native": false,
            "map_customer_owned_ip_on_launch": false,
            "map_public_ip_on_launch": true,
            "outpost_arn": "",
            "owner_id": "810320120389",
            "private_dns_hostname_type_on_launch": "ip-name",
            "tags": {
              "Name": "public-us-east-2a",
              "kubernetes.io/cluster/eks": "shared",
              "kubernetes.io/role/elb": "1"
            },
            "tags_all": {
              "Name": "public-us-east-2a",
              "kubernetes.io/cluster/eks": "shared",
              "kubernetes.io/role/elb": "1"
            },
            "timeouts": null,
            "vpc_id": "vpc-0967ad3e0f0dbfefc"
          },
          "sensitive_attributes": [],
          "private": "eyJlMmJmYjczMC1lY2FhLTExZTYtOGY4OC0zNDM2M2JjN2M0YzAiOnsiY3JlYXRlIjo2MDAwMDAwMDAwMDAsImRlbGV0ZSI6MTIwMDAwMDAwMDAwMH0sInNjaGVtYV92ZXJzaW9uIjoiMSJ9",
          "dependencies": [
            "module.provision_eks_cluster.aws_vpc.main"
          ]
        }
      ]
    },
    {
      "module": "module.provision_eks_cluster",
      "mode": "managed",
      "type": "aws_subnet",
      "name": "public_2",
      "provider": "provider[\"registry.terraform.io/hashicorp/aws\"]",
      "instances": [
        {
          "schema_version": 1,
          "attributes": {
            "arn": "arn:aws:ec2:us-east-2:810320120389:subnet/subnet-0c9a18d48bd7c1989",
            "assign_ipv6_address_on_creation": false,
            "availability_zone": "us-east-2b",
            "availability_zone_id": "use2-az2",
            "cidr_block": "192.168.64.0/18",
            "customer_owned_ipv4_pool": "",
            "enable_dns64": false,
            "enable_resource_name_dns_a_record_on_launch": false,
            "enable_resource_name_dns_aaaa_record_on_launch": false,
            "id": "subnet-0c9a18d48bd7c1989",
            "ipv6_cidr_block": "",
            "ipv6_cidr_block_association_id": "",
            "ipv6_native": false,
            "map_customer_owned_ip_on_launch": false,
            "map_public_ip_on_launch": true,
            "outpost_arn": "",
            "owner_id": "810320120389",
            "private_dns_hostname_type_on_launch": "ip-name",
            "tags": {
              "Name": "public-us-east-2b",
              "kubernetes.io/cluster/eks": "shared",
              "kubernetes.io/role/elb": "1"
            },
            "tags_all": {
              "Name": "public-us-east-2b",
              "kubernetes.io/cluster/eks": "shared",
              "kubernetes.io/role/elb": "1"
            },
            "timeouts": null,
            "vpc_id": "vpc-0967ad3e0f0dbfefc"
          },
          "sensitive_attributes": [],
          "private": "eyJlMmJmYjczMC1lY2FhLTExZTYtOGY4OC0zNDM2M2JjN2M0YzAiOnsiY3JlYXRlIjo2MDAwMDAwMDAwMDAsImRlbGV0ZSI6MTIwMDAwMDAwMDAwMH0sInNjaGVtYV92ZXJzaW9uIjoiMSJ9",
          "dependencies": [
            "module.provision_eks_cluster.aws_vpc.main"
          ]
        }
      ]
    },
    {
      "module": "module.provision_eks_cluster",
      "mode": "managed",
      "type": "aws_vpc",
      "name": "main",
      "provider": "provider[\"registry.terraform.io/hashicorp/aws\"]",
      "instances": [
        {
          "schema_version": 1,
          "attributes": {
            "arn": "arn:aws:ec2:us-east-2:810320120389:vpc/vpc-0967ad3e0f0dbfefc",
            "assign_generated_ipv6_cidr_block": false,
            "cidr_block": "192.168.0.0/16",
            "default_network_acl_id": "acl-03e5f42819916d7e0",
            "default_route_table_id": "rtb-0a63076c01eb8e3de",
            "default_security_group_id": "sg-099e444de093bdb65",
            "dhcp_options_id": "dopt-b5a95bdc",
            "enable_classiclink": false,
            "enable_classiclink_dns_support": false,
            "enable_dns_hostnames": true,
            "enable_dns_support": true,
            "id": "vpc-0967ad3e0f0dbfefc",
            "instance_tenancy": "default",
            "ipv4_ipam_pool_id": null,
            "ipv4_netmask_length": null,
            "ipv6_association_id": "",
            "ipv6_cidr_block": "",
            "ipv6_cidr_block_network_border_group": "",
            "ipv6_ipam_pool_id": "",
            "ipv6_netmask_length": 0,
            "main_route_table_id": "rtb-0a63076c01eb8e3de",
            "owner_id": "810320120389",
            "tags": {
              "Name": "main"
            },
            "tags_all": {
              "Name": "main"
            }
          },
          "sensitive_attributes": [],
          "private": "eyJzY2hlbWFfdmVyc2lvbiI6IjEifQ=="
        }
      ]
    },
    {
      "module": "module.provision_eks_cluster",
      "mode": "managed",
      "type": "local_file",
      "name": "kubeconfig",
      "provider": "provider[\"registry.terraform.io/hashicorp/local\"]",
      "instances": [
        {
          "schema_version": 0,
          "attributes": {
            "content": "apiVersion: v1\nkind: Config\nclusters:\n- name: \"eks-cluster\"\n  cluster:\n    server: \"https://a736776d4a243496c94ca4024cfc5114-1662585070.us-east-2.elb.amazonaws.com/k8s/clusters/c-swm79\"\n    certificate-authority-data: \"LS0tLS1CRUdJTiBDRVJUSUZJQ0FURS0tLS0tCk1JSUJ2VENDQ\\\n      VdPZ0F3SUJBZ0lCQURBS0JnZ3Foa2pPUFFRREFqQkdNUnd3R2dZRFZRUUtFeE5rZVc1aGJXbGoKY\\\n      kdsemRHVnVaWEl0YjNKbk1TWXdKQVlEVlFRRERCMWtlVzVoYldsamJHbHpkR1Z1WlhJdFkyRkFNV\\\n      Fk0T1RrMwpORGt5T0RBZUZ3MHlNekEzTWpFeU1USTRORGhhRncwek16QTNNVGd5TVRJNE5EaGFNR\\\n      Vl4SERBYUJnTlZCQW9UCkUyUjVibUZ0YVdOc2FYTjBaVzVsY2kxdmNtY3hKakFrQmdOVkJBTU1IV\\\n      1I1Ym1GdGFXTnNhWE4wWlc1bGNpMWoKWVVBeE5qZzVPVGMwT1RJNE1Ga3dFd1lIS29aSXpqMENBU\\\n      VlJS29aSXpqMERBUWNEUWdBRUI5bDBFMjNHdk1KTAoxd2NkTWtLZG83N3pkVUF1c2dnZFFkNHhkU\\\n      mNCMktUNzNHMXBaT1R0S1BaSEN4cndvQ3hhZjZlWDFzcUpOTDlyCmhodCtNWm1JTjZOQ01FQXdEZ\\\n      1lEVlIwUEFRSC9CQVFEQWdLa01BOEdBMVVkRXdFQi93UUZNQU1CQWY4d0hRWUQKVlIwT0JCWUVGR\\\n      mhqUno1V05EKzVPMFZWZkU2L25wODUyT250TUFvR0NDcUdTTTQ5QkFNQ0EwZ0FNRVVDSUhLMwpVN\\\n      XNKZmF3N1lyYU8ra0JNTjlseGxiQ2F4bVlFSTNVeVUwM3RwWkY1QWlFQXpxZ0NZVk5jRE9OeUZ3d\\\n      WtudlhmCnIxVEFmZUtINm1uY1lnSnM1QVpDRXc4PQotLS0tLUVORCBDRVJUSUZJQ0FURS0tLS0t\"\n\nusers:\n- name: \"eks-cluster\"\n  user:\n    token: \"kubeconfig-user-4zbzkw58xj:2djl76sv7dshqzpzfkqvd97v4rl4hfghjqjx45v9zd6gvxt85wdk5r\"\n\n\ncontexts:\n- name: \"eks-cluster\"\n  context:\n    user: \"eks-cluster\"\n    cluster: \"eks-cluster\"\n\ncurrent-context: \"eks-cluster\"\n",
            "content_base64": null,
            "content_base64sha256": "DRQvCcKvJKjxl/BEQzl2q1S5mLvj1DFYE/PTLfGYmek=",
            "content_base64sha512": "GG/aOPwejjrufG6PJhKZRJ1PxT+RXOKsaq8UB98HjS0lcug62Ozs6IdL2lPaiISlkdogibwQWJzAHbXRe1c5CQ==",
            "content_md5": "e2e52c551dd7a683d76acbf87205717b",
            "content_sha1": "c47f8a38a2b0d72d9653164d80e032b2e0b0b1c2",
            "content_sha256": "0d142f09c2af24a8f197f044433976ab54b998bbe3d4315813f3d32df19899e9",
            "content_sha512": "186fda38fc1e8e3aee7c6e8f261299449d4fc53f915ce2ac6aaf1407df078d2d2572e83ad8ecece8874bda53da8884a591da2089bc10589cc01db5d17b573909",
            "directory_permission": "0777",
            "file_permission": "0600",
            "filename": "../cloud_provider/eks/.kube/config",
            "id": "c47f8a38a2b0d72d9653164d80e032b2e0b0b1c2",
            "sensitive_content": null,
            "source": null
          },
          "sensitive_attributes": [
            [
              {
                "type": "get_attr",
                "value": "content"
              }
            ]
          ],
          "dependencies": [
            "module.provision_eks_cluster.aws_eks_cluster.eks",
            "module.provision_eks_cluster.aws_iam_role.eks_cluster",
            "module.provision_eks_cluster.aws_iam_role_policy_attachment.amazon_eks_cluster_policy",
            "module.provision_eks_cluster.aws_subnet.private_1",
            "module.provision_eks_cluster.aws_subnet.private_2",
            "module.provision_eks_cluster.aws_subnet.public_1",
            "module.provision_eks_cluster.aws_subnet.public_2",
            "module.provision_eks_cluster.aws_vpc.main",
            "module.provision_eks_cluster.null_resource.delay",
            "module.provision_eks_cluster.rancher2_cloud_credential.credential_aws",
            "module.provision_eks_cluster.rancher2_cluster.cluster_aws"
          ]
        }
      ]
    },
    {
      "module": "module.provision_eks_cluster",
      "mode": "managed",
      "type": "null_resource",
      "name": "before",
      "provider": "provider[\"registry.terraform.io/hashicorp/null\"]",
      "instances": [
        {
          "schema_version": 0,
          "attributes": {
            "id": "6762311088538779580",
            "triggers": null
          },
          "sensitive_attributes": [],
          "dependencies": [
            "module.provision_eks_cluster.aws_eks_cluster.eks",
            "module.provision_eks_cluster.aws_iam_role.eks_cluster",
            "module.provision_eks_cluster.aws_iam_role_policy_attachment.amazon_eks_cluster_policy",
            "module.provision_eks_cluster.aws_subnet.private_1",
            "module.provision_eks_cluster.aws_subnet.private_2",
            "module.provision_eks_cluster.aws_subnet.public_1",
            "module.provision_eks_cluster.aws_subnet.public_2",
            "module.provision_eks_cluster.aws_vpc.main",
            "module.provision_eks_cluster.rancher2_cloud_credential.credential_aws",
            "module.provision_eks_cluster.rancher2_cluster.cluster_aws"
          ]
        }
      ]
    },
    {
      "module": "module.provision_eks_cluster",
      "mode": "managed",
      "type": "null_resource",
      "name": "delay",
      "provider": "provider[\"registry.terraform.io/hashicorp/null\"]",
      "instances": [
        {
          "schema_version": 0,
          "attributes": {
            "id": "2711063723020075013",
            "triggers": {
              "before": "null_resource.before.id"
            }
          },
          "sensitive_attributes": []
        }
      ]
    },
    {
      "module": "module.provision_eks_cluster",
      "mode": "managed",
      "type": "rancher2_cloud_credential",
      "name": "credential_aws",
      "provider": "module.provision_eks_cluster.provider[\"registry.terraform.io/rancher/rancher2\"]",
      "instances": [
        {
          "schema_version": 0,
          "attributes": {
            "amazonec2_credential_config": [
              {
                "access_key": "AKIA3ZKWXZJCVQ3SGBWJ",
                "default_region": "",
                "secret_key": "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"
              }
            ],
            "annotations": {},
            "azure_credential_config": [],
            "description": null,
            "digitalocean_credential_config": [],
            "driver": "amazonec2",
            "google_credential_config": [],
            "harvester_credential_config": [],
            "id": "cattle-global-data:cc-5lcmg",
            "labels": {
              "cattle.io/creator": "norman"
            },
            "linode_credential_config": [],
            "name": "AWS Credentials",
            "openstack_credential_config": [],
            "s3_credential_config": [],
            "timeouts": null,
            "vsphere_credential_config": []
          },
          "sensitive_attributes": [],
          "private": "eyJlMmJmYjczMC1lY2FhLTExZTYtOGY4OC0zNDM2M2JjN2M0YzAiOnsiY3JlYXRlIjo2MDAwMDAwMDAwMDAsImRlbGV0ZSI6NjAwMDAwMDAwMDAwLCJ1cGRhdGUiOjYwMDAwMDAwMDAwMH19"
        }
      ]
    },
    {
      "module": "module.provision_eks_cluster",
      "mode": "managed",
      "type": "rancher2_cluster",
      "name": "cluster_aws",
      "provider": "module.provision_eks_cluster.provider[\"registry.terraform.io/rancher/rancher2\"]",
      "instances": [
        {
          "schema_version": 1,
          "attributes": {
            "agent_env_vars": [],
            "aks_config": [],
            "aks_config_v2": [],
            "annotations": {
              "authz.management.cattle.io/creator-role-bindings": "{\"created\":[\"cluster-owner\"],\"required\":[\"cluster-owner\"]}",
              "clusters.management.cattle.io/ke-last-refresh": "1690209038",
              "lifecycle.cattle.io/create.cluster-agent-controller-cleanup": "true",
              "lifecycle.cattle.io/create.cluster-provisioner-controller": "true",
              "lifecycle.cattle.io/create.cluster-scoped-gc": "true",
              "lifecycle.cattle.io/create.mgmt-cluster-rbac-remove": "true"
            },
            "ca_cert": null,
            "cluster_auth_endpoint": [
              {
                "ca_certs": "",
                "enabled": false,
                "fqdn": ""
              }
            ],
            "cluster_monitoring_input": [],
            "cluster_registration_token": [
              {
                "annotations": {},
                "cluster_id": "c-swm79",
                "command": "kubectl apply -f https://a736776d4a243496c94ca4024cfc5114-1662585070.us-east-2.elb.amazonaws.com/v3/import/2x7dgr27fx5fjb75ztw4w5ztqhbk8gl9fgbz4xvmjbgw9g8ql4d9ds_c-swm79.yaml",
                "id": "c-swm79:default-token",
                "insecure_command": "curl --insecure -sfL https://a736776d4a243496c94ca4024cfc5114-1662585070.us-east-2.elb.amazonaws.com/v3/import/2x7dgr27fx5fjb75ztw4w5ztqhbk8gl9fgbz4xvmjbgw9g8ql4d9ds_c-swm79.yaml | kubectl apply -f -",
                "insecure_node_command": "",
                "insecure_windows_node_command": "",
                "labels": {},
                "manifest_url": "https://a736776d4a243496c94ca4024cfc5114-1662585070.us-east-2.elb.amazonaws.com/v3/import/2x7dgr27fx5fjb75ztw4w5ztqhbk8gl9fgbz4xvmjbgw9g8ql4d9ds_c-swm79.yaml",
                "name": "default-token",
                "node_command": "sudo docker run -d --privileged --restart=unless-stopped --net=host -v /etc/kubernetes:/etc/kubernetes -v /var/run:/var/run  rancher/rancher-agent:v2.7.3 --server https://a736776d4a243496c94ca4024cfc5114-1662585070.us-east-2.elb.amazonaws.com --token 2x7dgr27fx5fjb75ztw4w5ztqhbk8gl9fgbz4xvmjbgw9g8ql4d9ds --ca-checksum 5f63e1e34d63a78f72c9da47fd5a632c60a922c9fe40c135b7a34a3119258142",
                "token": "2x7dgr27fx5fjb75ztw4w5ztqhbk8gl9fgbz4xvmjbgw9g8ql4d9ds",
                "windows_node_command": "PowerShell -NoLogo -NonInteractive -Command \"\u0026 {docker run -v c:\\:c:\\host rancher/rancher-agent:v2.7.3 bootstrap --server https://a736776d4a243496c94ca4024cfc5114-1662585070.us-east-2.elb.amazonaws.com --token 2x7dgr27fx5fjb75ztw4w5ztqhbk8gl9fgbz4xvmjbgw9g8ql4d9ds --ca-checksum 5f63e1e34d63a78f72c9da47fd5a632c60a922c9fe40c135b7a34a3119258142 | iex}\""
              }
            ],
            "cluster_template_answers": null,
            "cluster_template_id": null,
            "cluster_template_questions": null,
            "cluster_template_revision_id": null,
            "default_pod_security_policy_template_id": null,
            "default_project_id": "c-swm79:p-p9hk5",
            "description": "Terraform",
            "desired_agent_image": null,
            "desired_auth_image": null,
            "docker_root_dir": "/var/lib/docker",
            "driver": "EKS",
            "eks_config": [],
            "eks_config_v2": [
              {
                "cloud_credential_id": "cattle-global-data:cc-5lcmg",
                "imported": true,
                "kms_key": "",
                "kubernetes_version": "",
                "logging_types": null,
                "name": "yoimp-eks",
                "node_groups": [],
                "private_access": false,
                "public_access": false,
                "public_access_sources": [],
                "region": "us-east-2",
                "secrets_encryption": false,
                "security_groups": null,
                "service_role": "",
                "subnets": null,
                "tags": null
              }
            ],
            "enable_cluster_alerting": false,
            "enable_cluster_istio": null,
            "enable_cluster_monitoring": false,
            "enable_network_policy": false,
            "fleet_workspace_name": "fleet-default",
            "gke_config": [],
            "gke_config_v2": [],
            "id": "c-swm79",
            "istio_enabled": false,
            "k3s_config": [],
            "kube_config": "apiVersion: v1\nkind: Config\nclusters:\n- name: \"eks-cluster\"\n  cluster:\n    server: \"https://a736776d4a243496c94ca4024cfc5114-1662585070.us-east-2.elb.amazonaws.com/k8s/clusters/c-swm79\"\n    certificate-authority-data: \"LS0tLS1CRUdJTiBDRVJUSUZJQ0FURS0tLS0tCk1JSUJ2VENDQ\\\n      VdPZ0F3SUJBZ0lCQURBS0JnZ3Foa2pPUFFRREFqQkdNUnd3R2dZRFZRUUtFeE5rZVc1aGJXbGoKY\\\n      kdsemRHVnVaWEl0YjNKbk1TWXdKQVlEVlFRRERCMWtlVzVoYldsamJHbHpkR1Z1WlhJdFkyRkFNV\\\n      Fk0T1RrMwpORGt5T0RBZUZ3MHlNekEzTWpFeU1USTRORGhhRncwek16QTNNVGd5TVRJNE5EaGFNR\\\n      Vl4SERBYUJnTlZCQW9UCkUyUjVibUZ0YVdOc2FYTjBaVzVsY2kxdmNtY3hKakFrQmdOVkJBTU1IV\\\n      1I1Ym1GdGFXTnNhWE4wWlc1bGNpMWoKWVVBeE5qZzVPVGMwT1RJNE1Ga3dFd1lIS29aSXpqMENBU\\\n      VlJS29aSXpqMERBUWNEUWdBRUI5bDBFMjNHdk1KTAoxd2NkTWtLZG83N3pkVUF1c2dnZFFkNHhkU\\\n      mNCMktUNzNHMXBaT1R0S1BaSEN4cndvQ3hhZjZlWDFzcUpOTDlyCmhodCtNWm1JTjZOQ01FQXdEZ\\\n      1lEVlIwUEFRSC9CQVFEQWdLa01BOEdBMVVkRXdFQi93UUZNQU1CQWY4d0hRWUQKVlIwT0JCWUVGR\\\n      mhqUno1V05EKzVPMFZWZkU2L25wODUyT250TUFvR0NDcUdTTTQ5QkFNQ0EwZ0FNRVVDSUhLMwpVN\\\n      XNKZmF3N1lyYU8ra0JNTjlseGxiQ2F4bVlFSTNVeVUwM3RwWkY1QWlFQXpxZ0NZVk5jRE9OeUZ3d\\\n      WtudlhmCnIxVEFmZUtINm1uY1lnSnM1QVpDRXc4PQotLS0tLUVORCBDRVJUSUZJQ0FURS0tLS0t\"\n\nusers:\n- name: \"eks-cluster\"\n  user:\n    token: \"kubeconfig-user-4zbzkw58xj:2djl76sv7dshqzpzfkqvd97v4rl4hfghjqjx45v9zd6gvxt85wdk5r\"\n\n\ncontexts:\n- name: \"eks-cluster\"\n  context:\n    user: \"eks-cluster\"\n    cluster: \"eks-cluster\"\n\ncurrent-context: \"eks-cluster\"\n",
            "labels": {
              "cattle.io/creator": "norman"
            },
            "name": "eks-cluster",
            "oke_config": [],
            "rke2_config": [],
            "rke_config": [],
            "scheduled_cluster_scan": null,
            "system_project_id": "c-swm79:p-nx6c7",
            "timeouts": null,
            "windows_prefered_cluster": false
          },
          "sensitive_attributes": [],
          "private": "eyJlMmJmYjczMC1lY2FhLTExZTYtOGY4OC0zNDM2M2JjN2M0YzAiOnsiY3JlYXRlIjoxODAwMDAwMDAwMDAwLCJkZWxldGUiOjE4MDAwMDAwMDAwMDAsInVwZGF0ZSI6MTgwMDAwMDAwMDAwMH0sInNjaGVtYV92ZXJzaW9uIjoiMSJ9",
          "dependencies": [
            "module.provision_eks_cluster.aws_eks_cluster.eks",
            "module.provision_eks_cluster.aws_iam_role.eks_cluster",
            "module.provision_eks_cluster.aws_iam_role_policy_attachment.amazon_eks_cluster_policy",
            "module.provision_eks_cluster.aws_subnet.private_1",
            "module.provision_eks_cluster.aws_subnet.private_2",
            "module.provision_eks_cluster.aws_subnet.public_1",
            "module.provision_eks_cluster.aws_subnet.public_2",
            "module.provision_eks_cluster.aws_vpc.main",
            "module.provision_eks_cluster.rancher2_cloud_credential.credential_aws"
          ]
        }
      ]
    }
  ],
  "check_results": null
}
